// !$*UTF8*$!
{
	archiveVersion = 1;
	classes = {
	};
	objectVersion = 50;
	objects = {

/* Begin PBXBuildFile section */
		0E2232E823D430DE0072CC1B /* AddPetPresenterTests.swift in Sources */ = {isa = PBXBuildFile; fileRef = 0E2232E723D430DE0072CC1B /* AddPetPresenterTests.swift */; };
		0E2232EB23D431D10072CC1B /* AddPetPresenter.swift in Sources */ = {isa = PBXBuildFile; fileRef = 0E2232EA23D431D10072CC1B /* AddPetPresenter.swift */; };
		0E2232ED23D43A230072CC1B /* MockAddPetView.swift in Sources */ = {isa = PBXBuildFile; fileRef = 0E2232EC23D43A230072CC1B /* MockAddPetView.swift */; };
		0E2232F023D44A9C0072CC1B /* AnimalProvider.swift in Sources */ = {isa = PBXBuildFile; fileRef = 0E2232EF23D44A9C0072CC1B /* AnimalProvider.swift */; };
		0E2232F423D44C590072CC1B /* MockAnimalTypeProvider.swift in Sources */ = {isa = PBXBuildFile; fileRef = 0E2232F323D44C590072CC1B /* MockAnimalTypeProvider.swift */; };
		0E2232F623D453D70072CC1B /* MockAnimalView.swift in Sources */ = {isa = PBXBuildFile; fileRef = 0E2232F523D453D70072CC1B /* MockAnimalView.swift */; };
		0E2232F823D45EA10072CC1B /* AddPetViewController.swift in Sources */ = {isa = PBXBuildFile; fileRef = 0E2232F723D45EA10072CC1B /* AddPetViewController.swift */; };
		0E2232FB23D466AF0072CC1B /* AnimalCell.swift in Sources */ = {isa = PBXBuildFile; fileRef = 0E2232FA23D466AF0072CC1B /* AnimalCell.swift */; };
		0E2232FD23D466C20072CC1B /* UICollectionView+.swift in Sources */ = {isa = PBXBuildFile; fileRef = 0E2232FC23D466C20072CC1B /* UICollectionView+.swift */; };
		0EDB42B223D194C10020B0EF /* AppDelegate.swift in Sources */ = {isa = PBXBuildFile; fileRef = 0EDB42B123D194C10020B0EF /* AppDelegate.swift */; };
		0EDB42BB23D194C20020B0EF /* Assets.xcassets in Resources */ = {isa = PBXBuildFile; fileRef = 0EDB42BA23D194C20020B0EF /* Assets.xcassets */; };
		0EDB42BE23D194C20020B0EF /* LaunchScreen.storyboard in Resources */ = {isa = PBXBuildFile; fileRef = 0EDB42BC23D194C20020B0EF /* LaunchScreen.storyboard */; };
		0EDB42C923D194C30020B0EF /* PetManagerTests.swift in Sources */ = {isa = PBXBuildFile; fileRef = 0EDB42C823D194C30020B0EF /* PetManagerTests.swift */; };
		0EDB42DA23D19CDD0020B0EF /* AnimalTests.swift in Sources */ = {isa = PBXBuildFile; fileRef = 0EDB42D923D19CDD0020B0EF /* AnimalTests.swift */; };
		0EDB42DF23D1A0360020B0EF /* Animal.swift in Sources */ = {isa = PBXBuildFile; fileRef = 0EDB42DE23D1A0360020B0EF /* Animal.swift */; };
		0EDB42E223D1AE880020B0EF /* ImageAsset.swift in Sources */ = {isa = PBXBuildFile; fileRef = 0EDB42E123D1AE880020B0EF /* ImageAsset.swift */; };
		0EDB42E423D1B1940020B0EF /* Images.xcassets in Resources */ = {isa = PBXBuildFile; fileRef = 0EDB42E323D1B1940020B0EF /* Images.xcassets */; };
		0EDB42E623D1B7160020B0EF /* PetTests.swift in Sources */ = {isa = PBXBuildFile; fileRef = 0EDB42E523D1B7160020B0EF /* PetTests.swift */; };
		0EDB42E823D1BBDE0020B0EF /* Pet.swift in Sources */ = {isa = PBXBuildFile; fileRef = 0EDB42E723D1BBDE0020B0EF /* Pet.swift */; };
		0EDB42EC23D1BFEB0020B0EF /* Animal+.swift in Sources */ = {isa = PBXBuildFile; fileRef = 0EDB42EB23D1BFEB0020B0EF /* Animal+.swift */; };
		0EDB42EF23D22B790020B0EF /* PetStorageService.swift in Sources */ = {isa = PBXBuildFile; fileRef = 0EDB42EE23D22B790020B0EF /* PetStorageService.swift */; };
		0EDB430423D253AA0020B0EF /* pets.json in Resources */ = {isa = PBXBuildFile; fileRef = 0EDB430323D253AA0020B0EF /* pets.json */; };
		0EDB430823D254610020B0EF /* PetStorageServiceTests.swift in Sources */ = {isa = PBXBuildFile; fileRef = 0EDB430723D254610020B0EF /* PetStorageServiceTests.swift */; };
		0EDB430D23D260DF0020B0EF /* PetRepositoryTests.swift in Sources */ = {isa = PBXBuildFile; fileRef = 0EDB430C23D260DF0020B0EF /* PetRepositoryTests.swift */; };
		0EDB431023D261B20020B0EF /* MockPetStorageService.swift in Sources */ = {isa = PBXBuildFile; fileRef = 0EDB430F23D261B20020B0EF /* MockPetStorageService.swift */; };
		0EDB431423D264700020B0EF /* PetRepository.swift in Sources */ = {isa = PBXBuildFile; fileRef = 0EDB431323D264700020B0EF /* PetRepository.swift */; };
		0EDB431F23D29E810020B0EF /* RepositoryError.swift in Sources */ = {isa = PBXBuildFile; fileRef = 0EDB431E23D29E810020B0EF /* RepositoryError.swift */; };
		0EDB432923D2A9BB0020B0EF /* AssetImageServiceTests.swift in Sources */ = {isa = PBXBuildFile; fileRef = 0EDB432823D2A9BB0020B0EF /* AssetImageServiceTests.swift */; };
		0EDB432C23D2AAAA0020B0EF /* AssetImageService.swift in Sources */ = {isa = PBXBuildFile; fileRef = 0EDB432B23D2AAAA0020B0EF /* AssetImageService.swift */; };
		0EDB433723D3CD510020B0EF /* ImageCacheService.swift in Sources */ = {isa = PBXBuildFile; fileRef = 0EDB433623D3CD510020B0EF /* ImageCacheService.swift */; };
		0EDB433923D3D50F0020B0EF /* ImageRepositoryTests.swift in Sources */ = {isa = PBXBuildFile; fileRef = 0EDB433823D3D50F0020B0EF /* ImageRepositoryTests.swift */; };
		0EDB433C23D3D56F0020B0EF /* MockAssetImageService.swift in Sources */ = {isa = PBXBuildFile; fileRef = 0EDB433B23D3D56F0020B0EF /* MockAssetImageService.swift */; };
		0EDB433E23D3D76D0020B0EF /* MockImageCacheService.swift in Sources */ = {isa = PBXBuildFile; fileRef = 0EDB433D23D3D76D0020B0EF /* MockImageCacheService.swift */; };
		0EDB434023D3DAF20020B0EF /* ImageRepository.swift in Sources */ = {isa = PBXBuildFile; fileRef = 0EDB433F23D3DAF20020B0EF /* ImageRepository.swift */; };
		0EDB434A23D3E7C40020B0EF /* PetListViewController.swift in Sources */ = {isa = PBXBuildFile; fileRef = 0EDB434923D3E7C40020B0EF /* PetListViewController.swift */; };
		0EDB434C23D3E9200020B0EF /* PetListPresenter.swift in Sources */ = {isa = PBXBuildFile; fileRef = 0EDB434B23D3E9200020B0EF /* PetListPresenter.swift */; };
		0EDB434F23D3EE9F0020B0EF /* PetListPresenterTests.swift in Sources */ = {isa = PBXBuildFile; fileRef = 0EDB434E23D3EE9F0020B0EF /* PetListPresenterTests.swift */; };
		0EDB435223D3F1AE0020B0EF /* Pet+.swift in Sources */ = {isa = PBXBuildFile; fileRef = 0EDB435123D3F1AE0020B0EF /* Pet+.swift */; };
		0EDB435523D3F59D0020B0EF /* MockPetRepository.swift in Sources */ = {isa = PBXBuildFile; fileRef = 0EDB435423D3F59D0020B0EF /* MockPetRepository.swift */; };
		0EDB435723D3F74E0020B0EF /* MockImageRepository.swift in Sources */ = {isa = PBXBuildFile; fileRef = 0EDB435623D3F74E0020B0EF /* MockImageRepository.swift */; };
		0EDB435A23D3FC720020B0EF /* MockPetView.swift in Sources */ = {isa = PBXBuildFile; fileRef = 0EDB435923D3FC720020B0EF /* MockPetView.swift */; };
		0EDB435C23D3FD310020B0EF /* MockPetListView.swift in Sources */ = {isa = PBXBuildFile; fileRef = 0EDB435B23D3FD310020B0EF /* MockPetListView.swift */; };
		0EDB435F23D41AF20020B0EF /* BaseViewController.swift in Sources */ = {isa = PBXBuildFile; fileRef = 0EDB435E23D41AF20020B0EF /* BaseViewController.swift */; };
		0EDB436523D4225B0020B0EF /* PetCell.swift in Sources */ = {isa = PBXBuildFile; fileRef = 0EDB436423D4225B0020B0EF /* PetCell.swift */; };
		0EDB436723D422B50020B0EF /* BaseView.swift in Sources */ = {isa = PBXBuildFile; fileRef = 0EDB436623D422B50020B0EF /* BaseView.swift */; };
		0EDB436923D426320020B0EF /* Reusable.swift in Sources */ = {isa = PBXBuildFile; fileRef = 0EDB436823D426320020B0EF /* Reusable.swift */; };
		0EDB436B23D426BE0020B0EF /* UITableView+.swift in Sources */ = {isa = PBXBuildFile; fileRef = 0EDB436A23D426BE0020B0EF /* UITableView+.swift */; };
		E372941DD0DC024202B2624B /* libPods-PetManagerTests.a in Frameworks */ = {isa = PBXBuildFile; fileRef = 0F700F8585C3E65CF517BB0F /* libPods-PetManagerTests.a */; };
		EA0A89175FAE7BB0C5A52414 /* libPods-PetManager.a in Frameworks */ = {isa = PBXBuildFile; fileRef = 43302AF85904BE3AE741646D /* libPods-PetManager.a */; };
/* End PBXBuildFile section */

/* Begin PBXContainerItemProxy section */
		0EDB42C523D194C30020B0EF /* PBXContainerItemProxy */ = {
			isa = PBXContainerItemProxy;
			containerPortal = 0EDB42A623D194C10020B0EF /* Project object */;
			proxyType = 1;
			remoteGlobalIDString = 0EDB42AD23D194C10020B0EF;
			remoteInfo = PetManager;
		};
/* End PBXContainerItemProxy section */

/* Begin PBXFileReference section */
		0E2232E723D430DE0072CC1B /* AddPetPresenterTests.swift */ = {isa = PBXFileReference; lastKnownFileType = sourcecode.swift; path = AddPetPresenterTests.swift; sourceTree = "<group>"; };
		0E2232EA23D431D10072CC1B /* AddPetPresenter.swift */ = {isa = PBXFileReference; lastKnownFileType = sourcecode.swift; path = AddPetPresenter.swift; sourceTree = "<group>"; };
		0E2232EC23D43A230072CC1B /* MockAddPetView.swift */ = {isa = PBXFileReference; lastKnownFileType = sourcecode.swift; path = MockAddPetView.swift; sourceTree = "<group>"; };
		0E2232EF23D44A9C0072CC1B /* AnimalProvider.swift */ = {isa = PBXFileReference; lastKnownFileType = sourcecode.swift; path = AnimalProvider.swift; sourceTree = "<group>"; };
		0E2232F323D44C590072CC1B /* MockAnimalTypeProvider.swift */ = {isa = PBXFileReference; lastKnownFileType = sourcecode.swift; path = MockAnimalTypeProvider.swift; sourceTree = "<group>"; };
		0E2232F523D453D70072CC1B /* MockAnimalView.swift */ = {isa = PBXFileReference; lastKnownFileType = sourcecode.swift; path = MockAnimalView.swift; sourceTree = "<group>"; };
		0E2232F723D45EA10072CC1B /* AddPetViewController.swift */ = {isa = PBXFileReference; lastKnownFileType = sourcecode.swift; path = AddPetViewController.swift; sourceTree = "<group>"; };
		0E2232FA23D466AF0072CC1B /* AnimalCell.swift */ = {isa = PBXFileReference; lastKnownFileType = sourcecode.swift; path = AnimalCell.swift; sourceTree = "<group>"; };
		0E2232FC23D466C20072CC1B /* UICollectionView+.swift */ = {isa = PBXFileReference; lastKnownFileType = sourcecode.swift; path = "UICollectionView+.swift"; sourceTree = "<group>"; };
		0EDB42AE23D194C10020B0EF /* PetManager.app */ = {isa = PBXFileReference; explicitFileType = wrapper.application; includeInIndex = 0; path = PetManager.app; sourceTree = BUILT_PRODUCTS_DIR; };
		0EDB42B123D194C10020B0EF /* AppDelegate.swift */ = {isa = PBXFileReference; lastKnownFileType = sourcecode.swift; path = AppDelegate.swift; sourceTree = "<group>"; };
		0EDB42BA23D194C20020B0EF /* Assets.xcassets */ = {isa = PBXFileReference; lastKnownFileType = folder.assetcatalog; path = Assets.xcassets; sourceTree = "<group>"; };
		0EDB42BD23D194C20020B0EF /* Base */ = {isa = PBXFileReference; lastKnownFileType = file.storyboard; name = Base; path = Base.lproj/LaunchScreen.storyboard; sourceTree = "<group>"; };
		0EDB42BF23D194C20020B0EF /* Info.plist */ = {isa = PBXFileReference; lastKnownFileType = text.plist.xml; path = Info.plist; sourceTree = "<group>"; };
		0EDB42C423D194C30020B0EF /* PetManagerTests.xctest */ = {isa = PBXFileReference; explicitFileType = wrapper.cfbundle; includeInIndex = 0; path = PetManagerTests.xctest; sourceTree = BUILT_PRODUCTS_DIR; };
		0EDB42C823D194C30020B0EF /* PetManagerTests.swift */ = {isa = PBXFileReference; lastKnownFileType = sourcecode.swift; path = PetManagerTests.swift; sourceTree = "<group>"; };
		0EDB42CA23D194C30020B0EF /* Info.plist */ = {isa = PBXFileReference; lastKnownFileType = text.plist.xml; path = Info.plist; sourceTree = "<group>"; };
		0EDB42D923D19CDD0020B0EF /* AnimalTests.swift */ = {isa = PBXFileReference; lastKnownFileType = sourcecode.swift; path = AnimalTests.swift; sourceTree = "<group>"; };
		0EDB42DE23D1A0360020B0EF /* Animal.swift */ = {isa = PBXFileReference; lastKnownFileType = sourcecode.swift; path = Animal.swift; sourceTree = "<group>"; };
		0EDB42E123D1AE880020B0EF /* ImageAsset.swift */ = {isa = PBXFileReference; lastKnownFileType = sourcecode.swift; path = ImageAsset.swift; sourceTree = "<group>"; };
		0EDB42E323D1B1940020B0EF /* Images.xcassets */ = {isa = PBXFileReference; lastKnownFileType = folder.assetcatalog; path = Images.xcassets; sourceTree = "<group>"; };
		0EDB42E523D1B7160020B0EF /* PetTests.swift */ = {isa = PBXFileReference; lastKnownFileType = sourcecode.swift; path = PetTests.swift; sourceTree = "<group>"; };
		0EDB42E723D1BBDE0020B0EF /* Pet.swift */ = {isa = PBXFileReference; lastKnownFileType = sourcecode.swift; path = Pet.swift; sourceTree = "<group>"; };
		0EDB42EB23D1BFEB0020B0EF /* Animal+.swift */ = {isa = PBXFileReference; lastKnownFileType = sourcecode.swift; path = "Animal+.swift"; sourceTree = "<group>"; };
		0EDB42EE23D22B790020B0EF /* PetStorageService.swift */ = {isa = PBXFileReference; lastKnownFileType = sourcecode.swift; path = PetStorageService.swift; sourceTree = "<group>"; };
		0EDB430323D253AA0020B0EF /* pets.json */ = {isa = PBXFileReference; lastKnownFileType = text.json; path = pets.json; sourceTree = "<group>"; };
		0EDB430723D254610020B0EF /* PetStorageServiceTests.swift */ = {isa = PBXFileReference; lastKnownFileType = sourcecode.swift; name = PetStorageServiceTests.swift; path = PetManagerTests/Cases/Persistance/PetStorageServiceTests.swift; sourceTree = SOURCE_ROOT; };
		0EDB430C23D260DF0020B0EF /* PetRepositoryTests.swift */ = {isa = PBXFileReference; lastKnownFileType = sourcecode.swift; name = PetRepositoryTests.swift; path = PetManagerTests/Cases/Repository/PetRepositoryTests.swift; sourceTree = SOURCE_ROOT; };
		0EDB430F23D261B20020B0EF /* MockPetStorageService.swift */ = {isa = PBXFileReference; lastKnownFileType = sourcecode.swift; path = MockPetStorageService.swift; sourceTree = "<group>"; };
		0EDB431323D264700020B0EF /* PetRepository.swift */ = {isa = PBXFileReference; lastKnownFileType = sourcecode.swift; path = PetRepository.swift; sourceTree = "<group>"; };
		0EDB431E23D29E810020B0EF /* RepositoryError.swift */ = {isa = PBXFileReference; lastKnownFileType = sourcecode.swift; path = RepositoryError.swift; sourceTree = "<group>"; };
		0EDB432823D2A9BB0020B0EF /* AssetImageServiceTests.swift */ = {isa = PBXFileReference; lastKnownFileType = sourcecode.swift; name = AssetImageServiceTests.swift; path = PetManagerTests/Cases/Service/AssetImageServiceTests.swift; sourceTree = SOURCE_ROOT; };
		0EDB432B23D2AAAA0020B0EF /* AssetImageService.swift */ = {isa = PBXFileReference; lastKnownFileType = sourcecode.swift; path = AssetImageService.swift; sourceTree = "<group>"; };
		0EDB433623D3CD510020B0EF /* ImageCacheService.swift */ = {isa = PBXFileReference; lastKnownFileType = sourcecode.swift; path = ImageCacheService.swift; sourceTree = "<group>"; };
		0EDB433823D3D50F0020B0EF /* ImageRepositoryTests.swift */ = {isa = PBXFileReference; lastKnownFileType = sourcecode.swift; name = ImageRepositoryTests.swift; path = PetManagerTests/Cases/Repository/ImageRepositoryTests.swift; sourceTree = SOURCE_ROOT; };
		0EDB433B23D3D56F0020B0EF /* MockAssetImageService.swift */ = {isa = PBXFileReference; lastKnownFileType = sourcecode.swift; path = MockAssetImageService.swift; sourceTree = "<group>"; };
		0EDB433D23D3D76D0020B0EF /* MockImageCacheService.swift */ = {isa = PBXFileReference; lastKnownFileType = sourcecode.swift; path = MockImageCacheService.swift; sourceTree = "<group>"; };
		0EDB433F23D3DAF20020B0EF /* ImageRepository.swift */ = {isa = PBXFileReference; lastKnownFileType = sourcecode.swift; path = ImageRepository.swift; sourceTree = "<group>"; };
		0EDB434923D3E7C40020B0EF /* PetListViewController.swift */ = {isa = PBXFileReference; lastKnownFileType = sourcecode.swift; path = PetListViewController.swift; sourceTree = "<group>"; };
		0EDB434B23D3E9200020B0EF /* PetListPresenter.swift */ = {isa = PBXFileReference; lastKnownFileType = sourcecode.swift; path = PetListPresenter.swift; sourceTree = "<group>"; };
		0EDB434E23D3EE9F0020B0EF /* PetListPresenterTests.swift */ = {isa = PBXFileReference; lastKnownFileType = sourcecode.swift; path = PetListPresenterTests.swift; sourceTree = "<group>"; };
		0EDB435123D3F1AE0020B0EF /* Pet+.swift */ = {isa = PBXFileReference; lastKnownFileType = sourcecode.swift; path = "Pet+.swift"; sourceTree = "<group>"; };
		0EDB435423D3F59D0020B0EF /* MockPetRepository.swift */ = {isa = PBXFileReference; lastKnownFileType = sourcecode.swift; path = MockPetRepository.swift; sourceTree = "<group>"; };
		0EDB435623D3F74E0020B0EF /* MockImageRepository.swift */ = {isa = PBXFileReference; lastKnownFileType = sourcecode.swift; path = MockImageRepository.swift; sourceTree = "<group>"; };
		0EDB435923D3FC720020B0EF /* MockPetView.swift */ = {isa = PBXFileReference; lastKnownFileType = sourcecode.swift; path = MockPetView.swift; sourceTree = "<group>"; };
		0EDB435B23D3FD310020B0EF /* MockPetListView.swift */ = {isa = PBXFileReference; lastKnownFileType = sourcecode.swift; path = MockPetListView.swift; sourceTree = "<group>"; };
		0EDB435E23D41AF20020B0EF /* BaseViewController.swift */ = {isa = PBXFileReference; lastKnownFileType = sourcecode.swift; path = BaseViewController.swift; sourceTree = "<group>"; };
		0EDB436423D4225B0020B0EF /* PetCell.swift */ = {isa = PBXFileReference; lastKnownFileType = sourcecode.swift; path = PetCell.swift; sourceTree = "<group>"; };
		0EDB436623D422B50020B0EF /* BaseView.swift */ = {isa = PBXFileReference; lastKnownFileType = sourcecode.swift; path = BaseView.swift; sourceTree = "<group>"; };
		0EDB436823D426320020B0EF /* Reusable.swift */ = {isa = PBXFileReference; lastKnownFileType = sourcecode.swift; path = Reusable.swift; sourceTree = "<group>"; };
		0EDB436A23D426BE0020B0EF /* UITableView+.swift */ = {isa = PBXFileReference; lastKnownFileType = sourcecode.swift; path = "UITableView+.swift"; sourceTree = "<group>"; };
		0F700F8585C3E65CF517BB0F /* libPods-PetManagerTests.a */ = {isa = PBXFileReference; explicitFileType = archive.ar; includeInIndex = 0; path = "libPods-PetManagerTests.a"; sourceTree = BUILT_PRODUCTS_DIR; };
		2DF32960E2681AE0D36197E0 /* Pods-PetManagerTests.release.xcconfig */ = {isa = PBXFileReference; includeInIndex = 1; lastKnownFileType = text.xcconfig; name = "Pods-PetManagerTests.release.xcconfig"; path = "Target Support Files/Pods-PetManagerTests/Pods-PetManagerTests.release.xcconfig"; sourceTree = "<group>"; };
		43302AF85904BE3AE741646D /* libPods-PetManager.a */ = {isa = PBXFileReference; explicitFileType = archive.ar; includeInIndex = 0; path = "libPods-PetManager.a"; sourceTree = BUILT_PRODUCTS_DIR; };
		C5E822CEF1E73C698D5D7490 /* Pods-PetManager.release.xcconfig */ = {isa = PBXFileReference; includeInIndex = 1; lastKnownFileType = text.xcconfig; name = "Pods-PetManager.release.xcconfig"; path = "Target Support Files/Pods-PetManager/Pods-PetManager.release.xcconfig"; sourceTree = "<group>"; };
		E0469777992D79D54A7DE616 /* Pods-PetManagerTests.debug.xcconfig */ = {isa = PBXFileReference; includeInIndex = 1; lastKnownFileType = text.xcconfig; name = "Pods-PetManagerTests.debug.xcconfig"; path = "Target Support Files/Pods-PetManagerTests/Pods-PetManagerTests.debug.xcconfig"; sourceTree = "<group>"; };
		F188E6CB1E1B9AD8015835E0 /* Pods-PetManager.debug.xcconfig */ = {isa = PBXFileReference; includeInIndex = 1; lastKnownFileType = text.xcconfig; name = "Pods-PetManager.debug.xcconfig"; path = "Target Support Files/Pods-PetManager/Pods-PetManager.debug.xcconfig"; sourceTree = "<group>"; };
/* End PBXFileReference section */

/* Begin PBXFrameworksBuildPhase section */
		0EDB42AB23D194C10020B0EF /* Frameworks */ = {
			isa = PBXFrameworksBuildPhase;
			buildActionMask = 2147483647;
			files = (
				EA0A89175FAE7BB0C5A52414 /* libPods-PetManager.a in Frameworks */,
			);
			runOnlyForDeploymentPostprocessing = 0;
		};
		0EDB42C123D194C30020B0EF /* Frameworks */ = {
			isa = PBXFrameworksBuildPhase;
			buildActionMask = 2147483647;
			files = (
				E372941DD0DC024202B2624B /* libPods-PetManagerTests.a in Frameworks */,
			);
			runOnlyForDeploymentPostprocessing = 0;
		};
/* End PBXFrameworksBuildPhase section */

/* Begin PBXGroup section */
		0E2232E923D431BF0072CC1B /* AddPet */ = {
			isa = PBXGroup;
			children = (
				0E2232F923D461E30072CC1B /* Cell */,
				0E2232EA23D431D10072CC1B /* AddPetPresenter.swift */,
				0E2232F723D45EA10072CC1B /* AddPetViewController.swift */,
			);
			path = AddPet;
			sourceTree = "<group>";
		};
		0E2232F123D44AE10072CC1B /* Provider */ = {
			isa = PBXGroup;
			children = (
				0E2232EF23D44A9C0072CC1B /* AnimalProvider.swift */,
			);
			path = Provider;
			sourceTree = "<group>";
		};
		0E2232F223D44C480072CC1B /* Provider */ = {
			isa = PBXGroup;
			children = (
				0E2232F323D44C590072CC1B /* MockAnimalTypeProvider.swift */,
			);
			path = Provider;
			sourceTree = "<group>";
		};
		0E2232F923D461E30072CC1B /* Cell */ = {
			isa = PBXGroup;
			children = (
				0E2232FA23D466AF0072CC1B /* AnimalCell.swift */,
			);
			path = Cell;
			sourceTree = "<group>";
		};
		0EDB42A523D194C10020B0EF = {
			isa = PBXGroup;
			children = (
				0EDB42B023D194C10020B0EF /* PetManager */,
				0EDB42C723D194C30020B0EF /* PetManagerTests */,
				0EDB42AF23D194C10020B0EF /* Products */,
				F390B8DC999A222C8727C6AF /* Pods */,
				48CCBCA604F99AB2863CA0E3 /* Frameworks */,
			);
			sourceTree = "<group>";
		};
		0EDB42AF23D194C10020B0EF /* Products */ = {
			isa = PBXGroup;
			children = (
				0EDB42AE23D194C10020B0EF /* PetManager.app */,
				0EDB42C423D194C30020B0EF /* PetManagerTests.xctest */,
			);
			name = Products;
			sourceTree = "<group>";
		};
		0EDB42B023D194C10020B0EF /* PetManager */ = {
			isa = PBXGroup;
			children = (
				0EDB435D23D41AE40020B0EF /* Base */,
				0EDB434123D3E4790020B0EF /* Error */,
				0EDB432A23D2AA990020B0EF /* Service */,
				0EDB432123D2A4990020B0EF /* Scene */,
				0EDB432023D29ED60020B0EF /* Common */,
				0EDB431223D264580020B0EF /* Repository */,
				0EDB42ED23D22AF60020B0EF /* Persistance */,
				0EDB42E023D1AE6E0020B0EF /* Resource */,
				0EDB42DD23D1A0260020B0EF /* Entity */,
				0EDB42B123D194C10020B0EF /* AppDelegate.swift */,
				0EDB42BF23D194C20020B0EF /* Info.plist */,
			);
			path = PetManager;
			sourceTree = "<group>";
		};
		0EDB42C723D194C30020B0EF /* PetManagerTests */ = {
			isa = PBXGroup;
			children = (
				0EDB430223D253990020B0EF /* Data */,
				0EDB42E923D1BCE70020B0EF /* Helper */,
				0EDB42DC23D19CF60020B0EF /* Cases */,
				0EDB42CA23D194C30020B0EF /* Info.plist */,
			);
			path = PetManagerTests;
			sourceTree = "<group>";
		};
		0EDB42DB23D19CE40020B0EF /* Entity */ = {
			isa = PBXGroup;
			children = (
				0EDB42E523D1B7160020B0EF /* PetTests.swift */,
				0EDB42D923D19CDD0020B0EF /* AnimalTests.swift */,
			);
			path = Entity;
			sourceTree = "<group>";
		};
		0EDB42DC23D19CF60020B0EF /* Cases */ = {
			isa = PBXGroup;
			children = (
				0EDB434D23D3EE880020B0EF /* Presenter */,
				0EDB432523D2A9660020B0EF /* Service */,
				0EDB430B23D260C30020B0EF /* Repository */,
				0EDB430623D2542B0020B0EF /* Persistance */,
				0EDB42C823D194C30020B0EF /* PetManagerTests.swift */,
				0EDB42DB23D19CE40020B0EF /* Entity */,
			);
			path = Cases;
			sourceTree = "<group>";
		};
		0EDB42DD23D1A0260020B0EF /* Entity */ = {
			isa = PBXGroup;
			children = (
				0EDB42DE23D1A0360020B0EF /* Animal.swift */,
				0EDB42E723D1BBDE0020B0EF /* Pet.swift */,
			);
			path = Entity;
			sourceTree = "<group>";
		};
		0EDB42E023D1AE6E0020B0EF /* Resource */ = {
			isa = PBXGroup;
			children = (
				0EDB42BC23D194C20020B0EF /* LaunchScreen.storyboard */,
				0EDB42BA23D194C20020B0EF /* Assets.xcassets */,
				0EDB42E323D1B1940020B0EF /* Images.xcassets */,
			);
			path = Resource;
			sourceTree = "<group>";
		};
		0EDB42E923D1BCE70020B0EF /* Helper */ = {
			isa = PBXGroup;
			children = (
				0EDB435823D3FC5E0020B0EF /* View */,
				0EDB435323D3F5850020B0EF /* Repository */,
				0EDB435023D3F0850020B0EF /* Entity */,
				0EDB433A23D3D55A0020B0EF /* Service */,
				0EDB430E23D261930020B0EF /* Persistance */,
				0EDB42EA23D1BFD90020B0EF /* Extension */,
			);
			path = Helper;
			sourceTree = "<group>";
		};
		0EDB42EA23D1BFD90020B0EF /* Extension */ = {
			isa = PBXGroup;
			children = (
			);
			path = Extension;
			sourceTree = "<group>";
		};
		0EDB42ED23D22AF60020B0EF /* Persistance */ = {
			isa = PBXGroup;
			children = (
				0EDB42EE23D22B790020B0EF /* PetStorageService.swift */,
			);
			path = Persistance;
			sourceTree = "<group>";
		};
		0EDB430223D253990020B0EF /* Data */ = {
			isa = PBXGroup;
			children = (
				0EDB430323D253AA0020B0EF /* pets.json */,
			);
			path = Data;
			sourceTree = "<group>";
		};
		0EDB430623D2542B0020B0EF /* Persistance */ = {
			isa = PBXGroup;
			children = (
				0EDB430723D254610020B0EF /* PetStorageServiceTests.swift */,
			);
			path = Persistance;
			sourceTree = "<group>";
		};
		0EDB430B23D260C30020B0EF /* Repository */ = {
			isa = PBXGroup;
			children = (
				0EDB433823D3D50F0020B0EF /* ImageRepositoryTests.swift */,
				0EDB430C23D260DF0020B0EF /* PetRepositoryTests.swift */,
			);
			path = Repository;
			sourceTree = "<group>";
		};
		0EDB430E23D261930020B0EF /* Persistance */ = {
			isa = PBXGroup;
			children = (
				0EDB430F23D261B20020B0EF /* MockPetStorageService.swift */,
			);
			path = Persistance;
			sourceTree = "<group>";
		};
		0EDB431223D264580020B0EF /* Repository */ = {
			isa = PBXGroup;
			children = (
				0EDB431323D264700020B0EF /* PetRepository.swift */,
				0EDB433F23D3DAF20020B0EF /* ImageRepository.swift */,
			);
			path = Repository;
			sourceTree = "<group>";
		};
		0EDB432023D29ED60020B0EF /* Common */ = {
			isa = PBXGroup;
			children = (
				0EDB436023D41DE00020B0EF /* Extension */,
				0EDB42E123D1AE880020B0EF /* ImageAsset.swift */,
				0EDB436823D426320020B0EF /* Reusable.swift */,
			);
			path = Common;
			sourceTree = "<group>";
		};
		0EDB432123D2A4990020B0EF /* Scene */ = {
			isa = PBXGroup;
			children = (
				0E2232E923D431BF0072CC1B /* AddPet */,
				0EDB434823D3E79E0020B0EF /* PetList */,
			);
			path = Scene;
			sourceTree = "<group>";
		};
		0EDB432523D2A9660020B0EF /* Service */ = {
			isa = PBXGroup;
			children = (
				0EDB432823D2A9BB0020B0EF /* AssetImageServiceTests.swift */,
			);
			path = Service;
			sourceTree = "<group>";
		};
		0EDB432A23D2AA990020B0EF /* Service */ = {
			isa = PBXGroup;
			children = (
				0E2232F123D44AE10072CC1B /* Provider */,
				0EDB432B23D2AAAA0020B0EF /* AssetImageService.swift */,
				0EDB433623D3CD510020B0EF /* ImageCacheService.swift */,
			);
			path = Service;
			sourceTree = "<group>";
		};
		0EDB433A23D3D55A0020B0EF /* Service */ = {
			isa = PBXGroup;
			children = (
				0E2232F223D44C480072CC1B /* Provider */,
				0EDB433B23D3D56F0020B0EF /* MockAssetImageService.swift */,
				0EDB433D23D3D76D0020B0EF /* MockImageCacheService.swift */,
			);
			path = Service;
			sourceTree = "<group>";
		};
		0EDB434123D3E4790020B0EF /* Error */ = {
			isa = PBXGroup;
			children = (
				0EDB431E23D29E810020B0EF /* RepositoryError.swift */,
			);
			path = Error;
			sourceTree = "<group>";
		};
		0EDB434823D3E79E0020B0EF /* PetList */ = {
			isa = PBXGroup;
			children = (
				0EDB436323D4223B0020B0EF /* Cell */,
				0EDB434923D3E7C40020B0EF /* PetListViewController.swift */,
				0EDB434B23D3E9200020B0EF /* PetListPresenter.swift */,
			);
			path = PetList;
			sourceTree = "<group>";
		};
		0EDB434D23D3EE880020B0EF /* Presenter */ = {
			isa = PBXGroup;
			children = (
				0EDB434E23D3EE9F0020B0EF /* PetListPresenterTests.swift */,
				0E2232E723D430DE0072CC1B /* AddPetPresenterTests.swift */,
			);
			path = Presenter;
			sourceTree = "<group>";
		};
		0EDB435023D3F0850020B0EF /* Entity */ = {
			isa = PBXGroup;
			children = (
				0EDB42EB23D1BFEB0020B0EF /* Animal+.swift */,
				0EDB435123D3F1AE0020B0EF /* Pet+.swift */,
			);
			path = Entity;
			sourceTree = "<group>";
		};
		0EDB435323D3F5850020B0EF /* Repository */ = {
			isa = PBXGroup;
			children = (
				0EDB435423D3F59D0020B0EF /* MockPetRepository.swift */,
				0EDB435623D3F74E0020B0EF /* MockImageRepository.swift */,
			);
			path = Repository;
			sourceTree = "<group>";
		};
		0EDB435823D3FC5E0020B0EF /* View */ = {
			isa = PBXGroup;
			children = (
				0EDB435923D3FC720020B0EF /* MockPetView.swift */,
				0EDB435B23D3FD310020B0EF /* MockPetListView.swift */,
				0E2232EC23D43A230072CC1B /* MockAddPetView.swift */,
				0E2232F523D453D70072CC1B /* MockAnimalView.swift */,
			);
			path = View;
			sourceTree = "<group>";
		};
		0EDB435D23D41AE40020B0EF /* Base */ = {
			isa = PBXGroup;
			children = (
				0EDB435E23D41AF20020B0EF /* BaseViewController.swift */,
				0EDB436623D422B50020B0EF /* BaseView.swift */,
			);
			path = Base;
			sourceTree = "<group>";
		};
		0EDB436023D41DE00020B0EF /* Extension */ = {
			isa = PBXGroup;
			children = (
				0EDB436A23D426BE0020B0EF /* UITableView+.swift */,
				0E2232FC23D466C20072CC1B /* UICollectionView+.swift */,
			);
			path = Extension;
			sourceTree = "<group>";
		};
		0EDB436323D4223B0020B0EF /* Cell */ = {
			isa = PBXGroup;
			children = (
				0EDB436423D4225B0020B0EF /* PetCell.swift */,
			);
			path = Cell;
			sourceTree = "<group>";
		};
		48CCBCA604F99AB2863CA0E3 /* Frameworks */ = {
			isa = PBXGroup;
			children = (
				43302AF85904BE3AE741646D /* libPods-PetManager.a */,
				0F700F8585C3E65CF517BB0F /* libPods-PetManagerTests.a */,
			);
			name = Frameworks;
			sourceTree = "<group>";
		};
		F390B8DC999A222C8727C6AF /* Pods */ = {
			isa = PBXGroup;
			children = (
				F188E6CB1E1B9AD8015835E0 /* Pods-PetManager.debug.xcconfig */,
				C5E822CEF1E73C698D5D7490 /* Pods-PetManager.release.xcconfig */,
				E0469777992D79D54A7DE616 /* Pods-PetManagerTests.debug.xcconfig */,
				2DF32960E2681AE0D36197E0 /* Pods-PetManagerTests.release.xcconfig */,
			);
			path = Pods;
			sourceTree = "<group>";
		};
/* End PBXGroup section */

/* Begin PBXNativeTarget section */
		0EDB42AD23D194C10020B0EF /* PetManager */ = {
			isa = PBXNativeTarget;
			buildConfigurationList = 0EDB42CD23D194C30020B0EF /* Build configuration list for PBXNativeTarget "PetManager" */;
			buildPhases = (
				625AE362437B37BC42A9F4CA /* [CP] Check Pods Manifest.lock */,
				0EDB42AA23D194C10020B0EF /* Sources */,
				0EDB42AB23D194C10020B0EF /* Frameworks */,
				0EDB42AC23D194C10020B0EF /* Resources */,
			);
			buildRules = (
			);
			dependencies = (
			);
			name = PetManager;
			productName = PetManager;
			productReference = 0EDB42AE23D194C10020B0EF /* PetManager.app */;
			productType = "com.apple.product-type.application";
		};
		0EDB42C323D194C30020B0EF /* PetManagerTests */ = {
			isa = PBXNativeTarget;
			buildConfigurationList = 0EDB42D023D194C30020B0EF /* Build configuration list for PBXNativeTarget "PetManagerTests" */;
			buildPhases = (
				BC766C645A39F49361520640 /* [CP] Check Pods Manifest.lock */,
				0EDB42C023D194C30020B0EF /* Sources */,
				0EDB42C123D194C30020B0EF /* Frameworks */,
				0EDB42C223D194C30020B0EF /* Resources */,
			);
			buildRules = (
			);
			dependencies = (
				0EDB42C623D194C30020B0EF /* PBXTargetDependency */,
			);
			name = PetManagerTests;
			productName = PetManagerTests;
			productReference = 0EDB42C423D194C30020B0EF /* PetManagerTests.xctest */;
			productType = "com.apple.product-type.bundle.unit-test";
		};
/* End PBXNativeTarget section */

/* Begin PBXProject section */
		0EDB42A623D194C10020B0EF /* Project object */ = {
			isa = PBXProject;
			attributes = {
				LastSwiftUpdateCheck = 1130;
				LastUpgradeCheck = 1130;
				ORGANIZATIONNAME = "이동영";
				TargetAttributes = {
					0EDB42AD23D194C10020B0EF = {
						CreatedOnToolsVersion = 11.3;
					};
					0EDB42C323D194C30020B0EF = {
						CreatedOnToolsVersion = 11.3;
						TestTargetID = 0EDB42AD23D194C10020B0EF;
					};
				};
			};
			buildConfigurationList = 0EDB42A923D194C10020B0EF /* Build configuration list for PBXProject "PetManager" */;
			compatibilityVersion = "Xcode 9.3";
			developmentRegion = en;
			hasScannedForEncodings = 0;
			knownRegions = (
				en,
				Base,
			);
			mainGroup = 0EDB42A523D194C10020B0EF;
			productRefGroup = 0EDB42AF23D194C10020B0EF /* Products */;
			projectDirPath = "";
			projectRoot = "";
			targets = (
				0EDB42AD23D194C10020B0EF /* PetManager */,
				0EDB42C323D194C30020B0EF /* PetManagerTests */,
			);
		};
/* End PBXProject section */

/* Begin PBXResourcesBuildPhase section */
		0EDB42AC23D194C10020B0EF /* Resources */ = {
			isa = PBXResourcesBuildPhase;
			buildActionMask = 2147483647;
			files = (
				0EDB42BE23D194C20020B0EF /* LaunchScreen.storyboard in Resources */,
				0EDB42E423D1B1940020B0EF /* Images.xcassets in Resources */,
				0EDB42BB23D194C20020B0EF /* Assets.xcassets in Resources */,
			);
			runOnlyForDeploymentPostprocessing = 0;
		};
		0EDB42C223D194C30020B0EF /* Resources */ = {
			isa = PBXResourcesBuildPhase;
			buildActionMask = 2147483647;
			files = (
				0EDB430423D253AA0020B0EF /* pets.json in Resources */,
			);
			runOnlyForDeploymentPostprocessing = 0;
		};
/* End PBXResourcesBuildPhase section */

/* Begin PBXShellScriptBuildPhase section */
		625AE362437B37BC42A9F4CA /* [CP] Check Pods Manifest.lock */ = {
			isa = PBXShellScriptBuildPhase;
			buildActionMask = 2147483647;
			files = (
			);
			inputFileListPaths = (
			);
			inputPaths = (
				"${PODS_PODFILE_DIR_PATH}/Podfile.lock",
				"${PODS_ROOT}/Manifest.lock",
			);
			name = "[CP] Check Pods Manifest.lock";
			outputFileListPaths = (
			);
			outputPaths = (
				"$(DERIVED_FILE_DIR)/Pods-PetManager-checkManifestLockResult.txt",
			);
			runOnlyForDeploymentPostprocessing = 0;
			shellPath = /bin/sh;
			shellScript = "diff \"${PODS_PODFILE_DIR_PATH}/Podfile.lock\" \"${PODS_ROOT}/Manifest.lock\" > /dev/null\nif [ $? != 0 ] ; then\n    # print error to STDERR\n    echo \"error: The sandbox is not in sync with the Podfile.lock. Run 'pod install' or update your CocoaPods installation.\" >&2\n    exit 1\nfi\n# This output is used by Xcode 'outputs' to avoid re-running this script phase.\necho \"SUCCESS\" > \"${SCRIPT_OUTPUT_FILE_0}\"\n";
			showEnvVarsInLog = 0;
		};
		BC766C645A39F49361520640 /* [CP] Check Pods Manifest.lock */ = {
			isa = PBXShellScriptBuildPhase;
			buildActionMask = 2147483647;
			files = (
			);
			inputFileListPaths = (
			);
			inputPaths = (
				"${PODS_PODFILE_DIR_PATH}/Podfile.lock",
				"${PODS_ROOT}/Manifest.lock",
			);
			name = "[CP] Check Pods Manifest.lock";
			outputFileListPaths = (
			);
			outputPaths = (
				"$(DERIVED_FILE_DIR)/Pods-PetManagerTests-checkManifestLockResult.txt",
			);
			runOnlyForDeploymentPostprocessing = 0;
			shellPath = /bin/sh;
			shellScript = "diff \"${PODS_PODFILE_DIR_PATH}/Podfile.lock\" \"${PODS_ROOT}/Manifest.lock\" > /dev/null\nif [ $? != 0 ] ; then\n    # print error to STDERR\n    echo \"error: The sandbox is not in sync with the Podfile.lock. Run 'pod install' or update your CocoaPods installation.\" >&2\n    exit 1\nfi\n# This output is used by Xcode 'outputs' to avoid re-running this script phase.\necho \"SUCCESS\" > \"${SCRIPT_OUTPUT_FILE_0}\"\n";
			showEnvVarsInLog = 0;
		};
/* End PBXShellScriptBuildPhase section */

/* Begin PBXSourcesBuildPhase section */
		0EDB42AA23D194C10020B0EF /* Sources */ = {
			isa = PBXSourcesBuildPhase;
			buildActionMask = 2147483647;
			files = (
				0EDB435F23D41AF20020B0EF /* BaseViewController.swift in Sources */,
				0EDB42DF23D1A0360020B0EF /* Animal.swift in Sources */,
				0E2232FD23D466C20072CC1B /* UICollectionView+.swift in Sources */,
				0E2232F823D45EA10072CC1B /* AddPetViewController.swift in Sources */,
				0EDB42E223D1AE880020B0EF /* ImageAsset.swift in Sources */,
				0EDB433723D3CD510020B0EF /* ImageCacheService.swift in Sources */,
				0EDB42E823D1BBDE0020B0EF /* Pet.swift in Sources */,
				0EDB42B223D194C10020B0EF /* AppDelegate.swift in Sources */,
				0E2232F023D44A9C0072CC1B /* AnimalProvider.swift in Sources */,
				0EDB432C23D2AAAA0020B0EF /* AssetImageService.swift in Sources */,
				0EDB434023D3DAF20020B0EF /* ImageRepository.swift in Sources */,
				0EDB42EF23D22B790020B0EF /* PetStorageService.swift in Sources */,
				0EDB434A23D3E7C40020B0EF /* PetListViewController.swift in Sources */,
				0EDB431423D264700020B0EF /* PetRepository.swift in Sources */,
				0E2232FB23D466AF0072CC1B /* AnimalCell.swift in Sources */,
				0EDB436B23D426BE0020B0EF /* UITableView+.swift in Sources */,
				0EDB436523D4225B0020B0EF /* PetCell.swift in Sources */,
				0EDB436923D426320020B0EF /* Reusable.swift in Sources */,
				0EDB436723D422B50020B0EF /* BaseView.swift in Sources */,
				0EDB434C23D3E9200020B0EF /* PetListPresenter.swift in Sources */,
				0E2232EB23D431D10072CC1B /* AddPetPresenter.swift in Sources */,
				0EDB431F23D29E810020B0EF /* RepositoryError.swift in Sources */,
			);
			runOnlyForDeploymentPostprocessing = 0;
		};
		0EDB42C023D194C30020B0EF /* Sources */ = {
			isa = PBXSourcesBuildPhase;
			buildActionMask = 2147483647;
			files = (
				0EDB431023D261B20020B0EF /* MockPetStorageService.swift in Sources */,
				0EDB435723D3F74E0020B0EF /* MockImageRepository.swift in Sources */,
				0EDB430823D254610020B0EF /* PetStorageServiceTests.swift in Sources */,
				0EDB434F23D3EE9F0020B0EF /* PetListPresenterTests.swift in Sources */,
				0E2232E823D430DE0072CC1B /* AddPetPresenterTests.swift in Sources */,
				0EDB435523D3F59D0020B0EF /* MockPetRepository.swift in Sources */,
				0EDB42C923D194C30020B0EF /* PetManagerTests.swift in Sources */,
				0EDB435C23D3FD310020B0EF /* MockPetListView.swift in Sources */,
				0EDB42EC23D1BFEB0020B0EF /* Animal+.swift in Sources */,
				0EDB433E23D3D76D0020B0EF /* MockImageCacheService.swift in Sources */,
				0E2232ED23D43A230072CC1B /* MockAddPetView.swift in Sources */,
				0EDB433C23D3D56F0020B0EF /* MockAssetImageService.swift in Sources */,
				0E2232F423D44C590072CC1B /* MockAnimalTypeProvider.swift in Sources */,
				0EDB42DA23D19CDD0020B0EF /* AnimalTests.swift in Sources */,
				0EDB42E623D1B7160020B0EF /* PetTests.swift in Sources */,
				0EDB432923D2A9BB0020B0EF /* AssetImageServiceTests.swift in Sources */,
				0EDB430D23D260DF0020B0EF /* PetRepositoryTests.swift in Sources */,
				0EDB433923D3D50F0020B0EF /* ImageRepositoryTests.swift in Sources */,
				0EDB435A23D3FC720020B0EF /* MockPetView.swift in Sources */,
				0EDB435223D3F1AE0020B0EF /* Pet+.swift in Sources */,
				0E2232F623D453D70072CC1B /* MockAnimalView.swift in Sources */,
			);
			runOnlyForDeploymentPostprocessing = 0;
		};
/* End PBXSourcesBuildPhase section */

/* Begin PBXTargetDependency section */
		0EDB42C623D194C30020B0EF /* PBXTargetDependency */ = {
			isa = PBXTargetDependency;
			target = 0EDB42AD23D194C10020B0EF /* PetManager */;
			targetProxy = 0EDB42C523D194C30020B0EF /* PBXContainerItemProxy */;
		};
/* End PBXTargetDependency section */

/* Begin PBXVariantGroup section */
		0EDB42BC23D194C20020B0EF /* LaunchScreen.storyboard */ = {
			isa = PBXVariantGroup;
			children = (
				0EDB42BD23D194C20020B0EF /* Base */,
			);
			name = LaunchScreen.storyboard;
			sourceTree = "<group>";
		};
/* End PBXVariantGroup section */

/* Begin XCBuildConfiguration section */
		0EDB42CB23D194C30020B0EF /* Debug */ = {
			isa = XCBuildConfiguration;
			buildSettings = {
				ALWAYS_SEARCH_USER_PATHS = NO;
				CLANG_ANALYZER_NONNULL = YES;
				CLANG_ANALYZER_NUMBER_OBJECT_CONVERSION = YES_AGGRESSIVE;
				CLANG_CXX_LANGUAGE_STANDARD = "gnu++14";
				CLANG_CXX_LIBRARY = "libc++";
				CLANG_ENABLE_MODULES = YES;
				CLANG_ENABLE_OBJC_ARC = YES;
				CLANG_ENABLE_OBJC_WEAK = YES;
				CLANG_WARN_BLOCK_CAPTURE_AUTORELEASING = YES;
				CLANG_WARN_BOOL_CONVERSION = YES;
				CLANG_WARN_COMMA = YES;
				CLANG_WARN_CONSTANT_CONVERSION = YES;
				CLANG_WARN_DEPRECATED_OBJC_IMPLEMENTATIONS = YES;
				CLANG_WARN_DIRECT_OBJC_ISA_USAGE = YES_ERROR;
				CLANG_WARN_DOCUMENTATION_COMMENTS = YES;
				CLANG_WARN_EMPTY_BODY = YES;
				CLANG_WARN_ENUM_CONVERSION = YES;
				CLANG_WARN_INFINITE_RECURSION = YES;
				CLANG_WARN_INT_CONVERSION = YES;
				CLANG_WARN_NON_LITERAL_NULL_CONVERSION = YES;
				CLANG_WARN_OBJC_IMPLICIT_RETAIN_SELF = YES;
				CLANG_WARN_OBJC_LITERAL_CONVERSION = YES;
				CLANG_WARN_OBJC_ROOT_CLASS = YES_ERROR;
				CLANG_WARN_RANGE_LOOP_ANALYSIS = YES;
				CLANG_WARN_STRICT_PROTOTYPES = YES;
				CLANG_WARN_SUSPICIOUS_MOVE = YES;
				CLANG_WARN_UNGUARDED_AVAILABILITY = YES_AGGRESSIVE;
				CLANG_WARN_UNREACHABLE_CODE = YES;
				CLANG_WARN__DUPLICATE_METHOD_MATCH = YES;
				COPY_PHASE_STRIP = NO;
				DEBUG_INFORMATION_FORMAT = dwarf;
				ENABLE_STRICT_OBJC_MSGSEND = YES;
				ENABLE_TESTABILITY = YES;
				GCC_C_LANGUAGE_STANDARD = gnu11;
				GCC_DYNAMIC_NO_PIC = NO;
				GCC_NO_COMMON_BLOCKS = YES;
				GCC_OPTIMIZATION_LEVEL = 0;
				GCC_PREPROCESSOR_DEFINITIONS = (
					"DEBUG=1",
					"$(inherited)",
				);
				GCC_WARN_64_TO_32_BIT_CONVERSION = YES;
				GCC_WARN_ABOUT_RETURN_TYPE = YES_ERROR;
				GCC_WARN_UNDECLARED_SELECTOR = YES;
				GCC_WARN_UNINITIALIZED_AUTOS = YES_AGGRESSIVE;
				GCC_WARN_UNUSED_FUNCTION = YES;
				GCC_WARN_UNUSED_VARIABLE = YES;
				IPHONEOS_DEPLOYMENT_TARGET = 13.2;
				MTL_ENABLE_DEBUG_INFO = INCLUDE_SOURCE;
				MTL_FAST_MATH = YES;
				ONLY_ACTIVE_ARCH = YES;
				SDKROOT = iphoneos;
				SWIFT_ACTIVE_COMPILATION_CONDITIONS = DEBUG;
				SWIFT_OPTIMIZATION_LEVEL = "-Onone";
			};
			name = Debug;
		};
		0EDB42CC23D194C30020B0EF /* Release */ = {
			isa = XCBuildConfiguration;
			buildSettings = {
				ALWAYS_SEARCH_USER_PATHS = NO;
				CLANG_ANALYZER_NONNULL = YES;
				CLANG_ANALYZER_NUMBER_OBJECT_CONVERSION = YES_AGGRESSIVE;
				CLANG_CXX_LANGUAGE_STANDARD = "gnu++14";
				CLANG_CXX_LIBRARY = "libc++";
				CLANG_ENABLE_MODULES = YES;
				CLANG_ENABLE_OBJC_ARC = YES;
				CLANG_ENABLE_OBJC_WEAK = YES;
				CLANG_WARN_BLOCK_CAPTURE_AUTORELEASING = YES;
				CLANG_WARN_BOOL_CONVERSION = YES;
				CLANG_WARN_COMMA = YES;
				CLANG_WARN_CONSTANT_CONVERSION = YES;
				CLANG_WARN_DEPRECATED_OBJC_IMPLEMENTATIONS = YES;
				CLANG_WARN_DIRECT_OBJC_ISA_USAGE = YES_ERROR;
				CLANG_WARN_DOCUMENTATION_COMMENTS = YES;
				CLANG_WARN_EMPTY_BODY = YES;
				CLANG_WARN_ENUM_CONVERSION = YES;
				CLANG_WARN_INFINITE_RECURSION = YES;
				CLANG_WARN_INT_CONVERSION = YES;
				CLANG_WARN_NON_LITERAL_NULL_CONVERSION = YES;
				CLANG_WARN_OBJC_IMPLICIT_RETAIN_SELF = YES;
				CLANG_WARN_OBJC_LITERAL_CONVERSION = YES;
				CLANG_WARN_OBJC_ROOT_CLASS = YES_ERROR;
				CLANG_WARN_RANGE_LOOP_ANALYSIS = YES;
				CLANG_WARN_STRICT_PROTOTYPES = YES;
				CLANG_WARN_SUSPICIOUS_MOVE = YES;
				CLANG_WARN_UNGUARDED_AVAILABILITY = YES_AGGRESSIVE;
				CLANG_WARN_UNREACHABLE_CODE = YES;
				CLANG_WARN__DUPLICATE_METHOD_MATCH = YES;
				COPY_PHASE_STRIP = NO;
				DEBUG_INFORMATION_FORMAT = "dwarf-with-dsym";
				ENABLE_NS_ASSERTIONS = NO;
				ENABLE_STRICT_OBJC_MSGSEND = YES;
				GCC_C_LANGUAGE_STANDARD = gnu11;
				GCC_NO_COMMON_BLOCKS = YES;
				GCC_WARN_64_TO_32_BIT_CONVERSION = YES;
				GCC_WARN_ABOUT_RETURN_TYPE = YES_ERROR;
				GCC_WARN_UNDECLARED_SELECTOR = YES;
				GCC_WARN_UNINITIALIZED_AUTOS = YES_AGGRESSIVE;
				GCC_WARN_UNUSED_FUNCTION = YES;
				GCC_WARN_UNUSED_VARIABLE = YES;
				IPHONEOS_DEPLOYMENT_TARGET = 13.2;
				MTL_ENABLE_DEBUG_INFO = NO;
				MTL_FAST_MATH = YES;
				SDKROOT = iphoneos;
				SWIFT_COMPILATION_MODE = wholemodule;
				SWIFT_OPTIMIZATION_LEVEL = "-O";
				VALIDATE_PRODUCT = YES;
			};
			name = Release;
		};
		0EDB42CE23D194C30020B0EF /* Debug */ = {
			isa = XCBuildConfiguration;
			baseConfigurationReference = F188E6CB1E1B9AD8015835E0 /* Pods-PetManager.debug.xcconfig */;
			buildSettings = {
				ASSETCATALOG_COMPILER_APPICON_NAME = AppIcon;
				CODE_SIGN_STYLE = Automatic;
				DEVELOPMENT_TEAM = 8BQHKQSA4Y;
				INFOPLIST_FILE = PetManager/Info.plist;
				LD_RUNPATH_SEARCH_PATHS = (
					"$(inherited)",
					"@executable_path/Frameworks",
				);
				PRODUCT_BUNDLE_IDENTIFIER = develop.oowl.PetManager;
				PRODUCT_NAME = "$(TARGET_NAME)";
				SWIFT_VERSION = 5.0;
				TARGETED_DEVICE_FAMILY = "1,2";
			};
			name = Debug;
		};
		0EDB42CF23D194C30020B0EF /* Release */ = {
			isa = XCBuildConfiguration;
			baseConfigurationReference = C5E822CEF1E73C698D5D7490 /* Pods-PetManager.release.xcconfig */;
			buildSettings = {
				ASSETCATALOG_COMPILER_APPICON_NAME = AppIcon;
				CODE_SIGN_STYLE = Automatic;
				DEVELOPMENT_TEAM = 8BQHKQSA4Y;
				INFOPLIST_FILE = PetManager/Info.plist;
				LD_RUNPATH_SEARCH_PATHS = (
					"$(inherited)",
					"@executable_path/Frameworks",
				);
				PRODUCT_BUNDLE_IDENTIFIER = develop.oowl.PetManager;
				PRODUCT_NAME = "$(TARGET_NAME)";
				SWIFT_VERSION = 5.0;
				TARGETED_DEVICE_FAMILY = "1,2";
			};
			name = Release;
		};
		0EDB42D123D194C30020B0EF /* Debug */ = {
			isa = XCBuildConfiguration;
			baseConfigurationReference = E0469777992D79D54A7DE616 /* Pods-PetManagerTests.debug.xcconfig */;
			buildSettings = {
				ALWAYS_EMBED_SWIFT_STANDARD_LIBRARIES = YES;
				BUNDLE_LOADER = "$(TEST_HOST)";
				CODE_SIGN_STYLE = Automatic;
				DEVELOPMENT_TEAM = 8BQHKQSA4Y;
				INFOPLIST_FILE = PetManagerTests/Info.plist;
				IPHONEOS_DEPLOYMENT_TARGET = 13.2;
				LD_RUNPATH_SEARCH_PATHS = (
					"$(inherited)",
					"@executable_path/Frameworks",
					"@loader_path/Frameworks",
				);
				PRODUCT_BUNDLE_IDENTIFIER = develop.oowl.PetManagerTests;
				PRODUCT_NAME = "$(TARGET_NAME)";
				SWIFT_VERSION = 5.0;
				TARGETED_DEVICE_FAMILY = "1,2";
				TEST_HOST = "$(BUILT_PRODUCTS_DIR)/PetManager.app/PetManager";
			};
			name = Debug;
		};
		0EDB42D223D194C30020B0EF /* Release */ = {
			isa = XCBuildConfiguration;
			baseConfigurationReference = 2DF32960E2681AE0D36197E0 /* Pods-PetManagerTests.release.xcconfig */;
			buildSettings = {
				ALWAYS_EMBED_SWIFT_STANDARD_LIBRARIES = YES;
				BUNDLE_LOADER = "$(TEST_HOST)";
				CODE_SIGN_STYLE = Automatic;
				DEVELOPMENT_TEAM = 8BQHKQSA4Y;
				INFOPLIST_FILE = PetManagerTests/Info.plist;
				IPHONEOS_DEPLOYMENT_TARGET = 13.2;
				LD_RUNPATH_SEARCH_PATHS = (
					"$(inherited)",
					"@executable_path/Frameworks",
					"@loader_path/Frameworks",
				);
				PRODUCT_BUNDLE_IDENTIFIER = develop.oowl.PetManagerTests;
				PRODUCT_NAME = "$(TARGET_NAME)";
				SWIFT_VERSION = 5.0;
				TARGETED_DEVICE_FAMILY = "1,2";
				TEST_HOST = "$(BUILT_PRODUCTS_DIR)/PetManager.app/PetManager";
			};
			name = Release;
		};
/* End XCBuildConfiguration section */

/* Begin XCConfigurationList section */
		0EDB42A923D194C10020B0EF /* Build configuration list for PBXProject "PetManager" */ = {
			isa = XCConfigurationList;
			buildConfigurations = (
				0EDB42CB23D194C30020B0EF /* Debug */,
				0EDB42CC23D194C30020B0EF /* Release */,
			);
			defaultConfigurationIsVisible = 0;
			defaultConfigurationName = Release;
		};
		0EDB42CD23D194C30020B0EF /* Build configuration list for PBXNativeTarget "PetManager" */ = {
			isa = XCConfigurationList;
			buildConfigurations = (
				0EDB42CE23D194C30020B0EF /* Debug */,
				0EDB42CF23D194C30020B0EF /* Release */,
			);
			defaultConfigurationIsVisible = 0;
			defaultConfigurationName = Release;
		};
		0EDB42D023D194C30020B0EF /* Build configuration list for PBXNativeTarget "PetManagerTests" */ = {
			isa = XCConfigurationList;
			buildConfigurations = (
				0EDB42D123D194C30020B0EF /* Debug */,
				0EDB42D223D194C30020B0EF /* Release */,
			);
			defaultConfigurationIsVisible = 0;
			defaultConfigurationName = Release;
		};
/* End XCConfigurationList section */
	};
	rootObject = 0EDB42A623D194C10020B0EF /* Project object */;
}
